PODS:
  - IMFlexAngel (7)
  - PrivateKit (13)

DEPENDENCIES:
  - IMFlexAngel
  - PrivateKit (from `../PrivateKit`)

SPEC REPOS:
  https://github.com/pterXX/PrivatePod.git:
    - IMFlexAngel

EXTERNAL SOURCES:
  PrivateKit:
    :path: "../PrivateKit"

SPEC CHECKSUMS:
  IMFlexAngel: 3c8e2f490592a094d7760303a1def100a3f8e328
  PrivateKit: 7212b20c6e3d79a4d2eea4d7d555c4698e25fa04

PODFILE CHECKSUM: 32f41d8bfb0fd8104145f5b5c9810a1ce19a765c

COCOAPODS: 1.6.1
